
Microsoft Visual Studio Solution File, Format Version 12.00
# Visual Studio Version 17
VisualStudioVersion = 17.7.34031.279
MinimumVisualStudioVersion = 10.0.40219.1
Project("{FAE04EC0-301F-11D3-BF4B-00C04F79EFBC}") = "ExchangeTypes", "ExchangeTypes\ExchangeTypes.csproj", "{0871005B-B7D6-4536-8EAF-393F5581F741}"
EndProject
Global
	GlobalSection(SolutionConfigurationPlatforms) = preSolution
		Debug|Any CPU = Debug|Any CPU
		Release|Any CPU = Release|Any CPU
	EndGlobalSection
	GlobalSection(ProjectConfigurationPlatforms) = postSolution
		{0871005B-B7D6-4536-8EAF-393F5581F741}.Debug|Any CPU.ActiveCfg = Debug|Any CPU
		{0871005B-B7D6-4536-8EAF-393F5581F741}.Debug|Any CPU.Build.0 = Debug|Any CPU
		{0871005B-B7D6-4536-8EAF-393F5581F741}.Release|Any CPU.ActiveCfg = Release|Any CPU
		{0871005B-B7D6-4536-8EAF-393F5581F741}.Release|Any CPU.Build.0 = Release|Any CPU
	EndGlobalSection
	GlobalSection(SolutionProperties) = preSolution
		HideSolutionNode = FALSE
	EndGlobalSection
	GlobalSection(ExtensibilityGlobals) = postSolution
		SolutionGuid = {4FC4F5D7-4CA6-4AF6-8E49-B91B8418000C}
	EndGlobalSection
EndGlobal
